
Microsoft Visual Studio Solution File, Format Version 12.00
# Visual Studio 15
VisualStudioVersion = 15.0.26430.6
MinimumVisualStudioVersion = 10.0.40219.1
Project("{FAE04EC0-301F-11D3-BF4B-00C04F79EFBC}") = "PingPong.Logic", "PingPong.Logic\PingPong.Logic.csproj", "{4A7DBD0E-E184-4A86-838B-21F3CE0E31B7}"
EndProject
Project("{2150E333-8FDC-42A3-9474-1A3956D46DE8}") = "UI", "UI", "{0C1E90D5-5C1A-4847-935D-BB32715DCBA4}"
EndProject
Project("{FAE04EC0-301F-11D3-BF4B-00C04F79EFBC}") = "PingPong.UI.Wpf", "PingPong.UI.Wpf\PingPong.UI.Wpf.csproj", "{39EA7BF8-EED4-474E-8D7A-511747DA3E61}"
EndProject
Project("{FAE04EC0-301F-11D3-BF4B-00C04F79EFBC}") = "PingPongGame.UI.WindowsUniversal", "PingPongGame.UI.WindowsUniversal\PingPongGame.UI.WindowsUniversal.csproj", "{BDDF5FCF-D6CF-423E-8FEC-8A30C03BB72A}"
EndProject
Global
	GlobalSection(SolutionConfigurationPlatforms) = preSolution
		Debug|Any CPU = Debug|Any CPU
		Debug|ARM = Debug|ARM
		Debug|x64 = Debug|x64
		Debug|x86 = Debug|x86
		Release|Any CPU = Release|Any CPU
		Release|ARM = Release|ARM
		Release|x64 = Release|x64
		Release|x86 = Release|x86
	EndGlobalSection
	GlobalSection(ProjectConfigurationPlatforms) = postSolution
		{4A7DBD0E-E184-4A86-838B-21F3CE0E31B7}.Debug|Any CPU.ActiveCfg = Debug|Any CPU
		{4A7DBD0E-E184-4A86-838B-21F3CE0E31B7}.Debug|Any CPU.Build.0 = Debug|Any CPU
		{4A7DBD0E-E184-4A86-838B-21F3CE0E31B7}.Debug|ARM.ActiveCfg = Debug|Any CPU
		{4A7DBD0E-E184-4A86-838B-21F3CE0E31B7}.Debug|ARM.Build.0 = Debug|Any CPU
		{4A7DBD0E-E184-4A86-838B-21F3CE0E31B7}.Debug|x64.ActiveCfg = Debug|Any CPU
		{4A7DBD0E-E184-4A86-838B-21F3CE0E31B7}.Debug|x64.Build.0 = Debug|Any CPU
		{4A7DBD0E-E184-4A86-838B-21F3CE0E31B7}.Debug|x86.ActiveCfg = Debug|Any CPU
		{4A7DBD0E-E184-4A86-838B-21F3CE0E31B7}.Debug|x86.Build.0 = Debug|Any CPU
		{4A7DBD0E-E184-4A86-838B-21F3CE0E31B7}.Release|Any CPU.ActiveCfg = Release|Any CPU
		{4A7DBD0E-E184-4A86-838B-21F3CE0E31B7}.Release|Any CPU.Build.0 = Release|Any CPU
		{4A7DBD0E-E184-4A86-838B-21F3CE0E31B7}.Release|ARM.ActiveCfg = Release|Any CPU
		{4A7DBD0E-E184-4A86-838B-21F3CE0E31B7}.Release|ARM.Build.0 = Release|Any CPU
		{4A7DBD0E-E184-4A86-838B-21F3CE0E31B7}.Release|x64.ActiveCfg = Release|Any CPU
		{4A7DBD0E-E184-4A86-838B-21F3CE0E31B7}.Release|x64.Build.0 = Release|Any CPU
		{4A7DBD0E-E184-4A86-838B-21F3CE0E31B7}.Release|x86.ActiveCfg = Release|Any CPU
		{4A7DBD0E-E184-4A86-838B-21F3CE0E31B7}.Release|x86.Build.0 = Release|Any CPU
		{39EA7BF8-EED4-474E-8D7A-511747DA3E61}.Debug|Any CPU.ActiveCfg = Debug|Any CPU
		{39EA7BF8-EED4-474E-8D7A-511747DA3E61}.Debug|Any CPU.Build.0 = Debug|Any CPU
		{39EA7BF8-EED4-474E-8D7A-511747DA3E61}.Debug|ARM.ActiveCfg = Debug|Any CPU
		{39EA7BF8-EED4-474E-8D7A-511747DA3E61}.Debug|ARM.Build.0 = Debug|Any CPU
		{39EA7BF8-EED4-474E-8D7A-511747DA3E61}.Debug|x64.ActiveCfg = Debug|Any CPU
		{39EA7BF8-EED4-474E-8D7A-511747DA3E61}.Debug|x64.Build.0 = Debug|Any CPU
		{39EA7BF8-EED4-474E-8D7A-511747DA3E61}.Debug|x86.ActiveCfg = Debug|Any CPU
		{39EA7BF8-EED4-474E-8D7A-511747DA3E61}.Debug|x86.Build.0 = Debug|Any CPU
		{39EA7BF8-EED4-474E-8D7A-511747DA3E61}.Release|Any CPU.ActiveCfg = Release|Any CPU
		{39EA7BF8-EED4-474E-8D7A-511747DA3E61}.Release|Any CPU.Build.0 = Release|Any CPU
		{39EA7BF8-EED4-474E-8D7A-511747DA3E61}.Release|ARM.ActiveCfg = Release|Any CPU
		{39EA7BF8-EED4-474E-8D7A-511747DA3E61}.Release|ARM.Build.0 = Release|Any CPU
		{39EA7BF8-EED4-474E-8D7A-511747DA3E61}.Release|x64.ActiveCfg = Release|Any CPU
		{39EA7BF8-EED4-474E-8D7A-511747DA3E61}.Release|x64.Build.0 = Release|Any CPU
		{39EA7BF8-EED4-474E-8D7A-511747DA3E61}.Release|x86.ActiveCfg = Release|Any CPU
		{39EA7BF8-EED4-474E-8D7A-511747DA3E61}.Release|x86.Build.0 = Release|Any CPU
		{BDDF5FCF-D6CF-423E-8FEC-8A30C03BB72A}.Debug|Any CPU.ActiveCfg = Debug|x86
		{BDDF5FCF-D6CF-423E-8FEC-8A30C03BB72A}.Debug|ARM.ActiveCfg = Debug|ARM
		{BDDF5FCF-D6CF-423E-8FEC-8A30C03BB72A}.Debug|ARM.Build.0 = Debug|ARM
		{BDDF5FCF-D6CF-423E-8FEC-8A30C03BB72A}.Debug|ARM.Deploy.0 = Debug|ARM
		{BDDF5FCF-D6CF-423E-8FEC-8A30C03BB72A}.Debug|x64.ActiveCfg = Debug|x64
		{BDDF5FCF-D6CF-423E-8FEC-8A30C03BB72A}.Debug|x64.Build.0 = Debug|x64
		{BDDF5FCF-D6CF-423E-8FEC-8A30C03BB72A}.Debug|x64.Deploy.0 = Debug|x64
		{BDDF5FCF-D6CF-423E-8FEC-8A30C03BB72A}.Debug|x86.ActiveCfg = Debug|x86
		{BDDF5FCF-D6CF-423E-8FEC-8A30C03BB72A}.Debug|x86.Build.0 = Debug|x86
		{BDDF5FCF-D6CF-423E-8FEC-8A30C03BB72A}.Debug|x86.Deploy.0 = Debug|x86
		{BDDF5FCF-D6CF-423E-8FEC-8A30C03BB72A}.Release|Any CPU.ActiveCfg = Release|x86
		{BDDF5FCF-D6CF-423E-8FEC-8A30C03BB72A}.Release|ARM.ActiveCfg = Release|ARM
		{BDDF5FCF-D6CF-423E-8FEC-8A30C03BB72A}.Release|ARM.Build.0 = Release|ARM
		{BDDF5FCF-D6CF-423E-8FEC-8A30C03BB72A}.Release|ARM.Deploy.0 = Release|ARM
		{BDDF5FCF-D6CF-423E-8FEC-8A30C03BB72A}.Release|x64.ActiveCfg = Release|x64
		{BDDF5FCF-D6CF-423E-8FEC-8A30C03BB72A}.Release|x64.Build.0 = Release|x64
		{BDDF5FCF-D6CF-423E-8FEC-8A30C03BB72A}.Release|x64.Deploy.0 = Release|x64
		{BDDF5FCF-D6CF-423E-8FEC-8A30C03BB72A}.Release|x86.ActiveCfg = Release|x86
		{BDDF5FCF-D6CF-423E-8FEC-8A30C03BB72A}.Release|x86.Build.0 = Release|x86
		{BDDF5FCF-D6CF-423E-8FEC-8A30C03BB72A}.Release|x86.Deploy.0 = Release|x86
	EndGlobalSection
	GlobalSection(SolutionProperties) = preSolution
		HideSolutionNode = FALSE
	EndGlobalSection
	GlobalSection(NestedProjects) = preSolution
		{39EA7BF8-EED4-474E-8D7A-511747DA3E61} = {0C1E90D5-5C1A-4847-935D-BB32715DCBA4}
		{BDDF5FCF-D6CF-423E-8FEC-8A30C03BB72A} = {0C1E90D5-5C1A-4847-935D-BB32715DCBA4}
	EndGlobalSection
EndGlobal
